
Microsoft Visual Studio Solution File, Format Version 12.00
# Visual Studio Version 17
VisualStudioVersion = 17.5.002.0
MinimumVisualStudioVersion = 10.0.40219.1
Project("{9A19103F-16F7-4668-BE54-9A1E7A4F7556}") = "Capatilizer", "Capatilizer\Capatilizer.csproj", "{C4CD9D40-767A-4BA5-A5DF-F4514561762A}"
EndProject
Project("{9A19103F-16F7-4668-BE54-9A1E7A4F7556}") = "ConsoleAp", "ConsoleAp\ConsoleAp.csproj", "{462D2FAF-F32B-4F22-A429-4D86B61ED030}"
EndProject
Global
	GlobalSection(SolutionConfigurationPlatforms) = preSolution
		Debug|Any CPU = Debug|Any CPU
		Release|Any CPU = Release|Any CPU
	EndGlobalSection
	GlobalSection(ProjectConfigurationPlatforms) = postSolution
		{C4CD9D40-767A-4BA5-A5DF-F4514561762A}.Debug|Any CPU.ActiveCfg = Debug|Any CPU
		{C4CD9D40-767A-4BA5-A5DF-F4514561762A}.Debug|Any CPU.Build.0 = Debug|Any CPU
		{C4CD9D40-767A-4BA5-A5DF-F4514561762A}.Release|Any CPU.ActiveCfg = Release|Any CPU
		{C4CD9D40-767A-4BA5-A5DF-F4514561762A}.Release|Any CPU.Build.0 = Release|Any CPU
		{462D2FAF-F32B-4F22-A429-4D86B61ED030}.Debug|Any CPU.ActiveCfg = Debug|Any CPU
		{462D2FAF-F32B-4F22-A429-4D86B61ED030}.Debug|Any CPU.Build.0 = Debug|Any CPU
		{462D2FAF-F32B-4F22-A429-4D86B61ED030}.Release|Any CPU.ActiveCfg = Release|Any CPU
		{462D2FAF-F32B-4F22-A429-4D86B61ED030}.Release|Any CPU.Build.0 = Release|Any CPU
	EndGlobalSection
	GlobalSection(SolutionProperties) = preSolution
		HideSolutionNode = FALSE
	EndGlobalSection
	GlobalSection(ExtensibilityGlobals) = postSolution
		SolutionGuid = {82CB737C-7D3C-4BC3-9BFF-49D639F794AD}
	EndGlobalSection
EndGlobal
