
Microsoft Visual Studio Solution File, Format Version 12.00
# Visual Studio Version 17
VisualStudioVersion = 17.5.002.0
MinimumVisualStudioVersion = 10.0.40219.1
Project("{9A19103F-16F7-4668-BE54-9A1E7A4F7556}") = "Greeter", "Greeter\Greeter.csproj", "{2BBA4F48-0844-4330-9939-2DA1D3EDECCD}"
EndProject
Global
	GlobalSection(SolutionConfigurationPlatforms) = preSolution
		Debug|Any CPU = Debug|Any CPU
		Release|Any CPU = Release|Any CPU
	EndGlobalSection
	GlobalSection(ProjectConfigurationPlatforms) = postSolution
		{2BBA4F48-0844-4330-9939-2DA1D3EDECCD}.Debug|Any CPU.ActiveCfg = Debug|Any CPU
		{2BBA4F48-0844-4330-9939-2DA1D3EDECCD}.Debug|Any CPU.Build.0 = Debug|Any CPU
		{2BBA4F48-0844-4330-9939-2DA1D3EDECCD}.Release|Any CPU.ActiveCfg = Release|Any CPU
		{2BBA4F48-0844-4330-9939-2DA1D3EDECCD}.Release|Any CPU.Build.0 = Release|Any CPU
	EndGlobalSection
	GlobalSection(SolutionProperties) = preSolution
		HideSolutionNode = FALSE
	EndGlobalSection
	GlobalSection(ExtensibilityGlobals) = postSolution
		SolutionGuid = {6D02C61E-5987-4CD3-836F-9EAF6A0B9FF8}
	EndGlobalSection
EndGlobal
